
Microsoft Visual Studio Solution File, Format Version 12.00
# Visual Studio 14
VisualStudioVersion = 14.0.22823.1
MinimumVisualStudioVersion = 10.0.40219.1
Project("{2150E333-8FDC-42A3-9474-1A3956D46DE8}") = "src", "src", "{C53965A7-4E16-4C4E-9541-8E6BEFBD687B}"
EndProject
Project("{2150E333-8FDC-42A3-9474-1A3956D46DE8}") = "Solution Items", "Solution Items", "{A1BDF1E3-C622-4C09-B323-8078C2492072}"
	ProjectSection(SolutionItems) = preProject
		global.json = global.json
	EndProjectSection
EndProject
Project("{8BB2217D-0F2D-49D1-97BC-3654ED321F3B}") = "Life", "src\Life\Life.xproj", "{A80378AE-E30A-4078-A97E-E5B45BD8AC50}"
EndProject
Global
	GlobalSection(SolutionConfigurationPlatforms) = preSolution
		Debug|Any CPU = Debug|Any CPU
		Release|Any CPU = Release|Any CPU
	EndGlobalSection
	GlobalSection(ProjectConfigurationPlatforms) = postSolution
		{A80378AE-E30A-4078-A97E-E5B45BD8AC50}.Debug|Any CPU.ActiveCfg = Debug|Any CPU
		{A80378AE-E30A-4078-A97E-E5B45BD8AC50}.Debug|Any CPU.Build.0 = Debug|Any CPU
		{A80378AE-E30A-4078-A97E-E5B45BD8AC50}.Release|Any CPU.ActiveCfg = Release|Any CPU
		{A80378AE-E30A-4078-A97E-E5B45BD8AC50}.Release|Any CPU.Build.0 = Release|Any CPU
	EndGlobalSection
	GlobalSection(SolutionProperties) = preSolution
		HideSolutionNode = FALSE
	EndGlobalSection
	GlobalSection(NestedProjects) = preSolution
		{A80378AE-E30A-4078-A97E-E5B45BD8AC50} = {C53965A7-4E16-4C4E-9541-8E6BEFBD687B}
	EndGlobalSection
EndGlobal
